lockfileVersion: '6.1'

settings:
  autoInstallPeers: true
  excludeLinksFromLockfile: false

dependencies:
  bson:
    specifier: ^5.3.0
    version: 5.3.0

packages:

  /bson@5.3.0:
    resolution: {integrity: sha512-ukmCZMneMlaC5ebPHXIkP8YJzNl5DC41N5MAIvKDqLggdao342t4McltoJBQfQya/nHBWAcSsYRqlXPoQkTJag==}
    engines: {node: '>=14.20.1'}
    dev: false
