{
	"name": "compatibility",
	"lockfileVersion": 3,
	"requires": true,
	"packages": {
		"": {
			"name": "compatibility",
			"dependencies": {
				"fetch-to-curl": "latest"
			}
		},
		"node_modules/fetch-to-curl": {
			"version": "0.6.0",
			"resolved": "https://registry.npmjs.org/fetch-to-curl/-/fetch-to-curl-0.6.0.tgz",
			"integrity": "sha512-Gsn0baHnENueQrtvKGikEkaAJhfQYDbSFnyZvI/qnwiZtdIwiuK6iJ0BAKzS3bEzpWyUr6SV9uB4H3HUwl/yZA=="
		}
	}
}
